{
  "name": "example",
  "version": "1.1.0",
  "lockfileVersion": 1,
  "requires": true,
  "dependencies": {
    "replace-spaces-with-dashes": {
      "version": "1.4.0",
      "resolved": "https://registry.npmjs.org/replace-spaces-with-dashes/-/replace-spaces-with-dashes-1.4.0.tgz",
      "integrity": "sha512-ohG/02vEoaJStUVIaElFWOJ1wLdNtCfw0mBVk5vj+Byx4NJ2Bcomx6RkyTEKkDyITzLKVDh4zKF8KhaYqq8qpQ=="
    }
  }
}
